
Microsoft Visual Studio Solution File, Format Version 12.00
# Visual Studio 15
VisualStudioVersion = 15.0.27703.2000
MinimumVisualStudioVersion = 10.0.40219.1
Project("{FAE04EC0-301F-11D3-BF4B-00C04F79EFBC}") = "GuestHouseReservation.Web", "GuestHouseReservation.Web\GuestHouseReservation.Web.csproj", "{A1C01753-52C3-4697-9060-C1EFD9E21F55}"
EndProject
Project("{FAE04EC0-301F-11D3-BF4B-00C04F79EFBC}") = "GuestHouseReservation.Data", "GuestHouseReservation.Data\GuestHouseReservation.Data.csproj", "{F296F0A2-9352-4107-AAF5-C26C7F293828}"
EndProject
Project("{FAE04EC0-301F-11D3-BF4B-00C04F79EFBC}") = "GuestHouseReservation.Services", "GuestHouseReservation.Services\GuestHouseReservation.Services.csproj", "{2A500187-90FF-4831-B701-B85F73F20265}"
EndProject
Global
	GlobalSection(SolutionConfigurationPlatforms) = preSolution
		Debug|Any CPU = Debug|Any CPU
		Release|Any CPU = Release|Any CPU
	EndGlobalSection
	GlobalSection(ProjectConfigurationPlatforms) = postSolution
		{A1C01753-52C3-4697-9060-C1EFD9E21F55}.Debug|Any CPU.ActiveCfg = Debug|Any CPU
		{A1C01753-52C3-4697-9060-C1EFD9E21F55}.Debug|Any CPU.Build.0 = Debug|Any CPU
		{A1C01753-52C3-4697-9060-C1EFD9E21F55}.Release|Any CPU.ActiveCfg = Release|Any CPU
		{A1C01753-52C3-4697-9060-C1EFD9E21F55}.Release|Any CPU.Build.0 = Release|Any CPU
		{F296F0A2-9352-4107-AAF5-C26C7F293828}.Debug|Any CPU.ActiveCfg = Debug|Any CPU
		{F296F0A2-9352-4107-AAF5-C26C7F293828}.Debug|Any CPU.Build.0 = Debug|Any CPU
		{F296F0A2-9352-4107-AAF5-C26C7F293828}.Release|Any CPU.ActiveCfg = Release|Any CPU
		{F296F0A2-9352-4107-AAF5-C26C7F293828}.Release|Any CPU.Build.0 = Release|Any CPU
		{2A500187-90FF-4831-B701-B85F73F20265}.Debug|Any CPU.ActiveCfg = Debug|Any CPU
		{2A500187-90FF-4831-B701-B85F73F20265}.Debug|Any CPU.Build.0 = Debug|Any CPU
		{2A500187-90FF-4831-B701-B85F73F20265}.Release|Any CPU.ActiveCfg = Release|Any CPU
		{2A500187-90FF-4831-B701-B85F73F20265}.Release|Any CPU.Build.0 = Release|Any CPU
	EndGlobalSection
	GlobalSection(SolutionProperties) = preSolution
		HideSolutionNode = FALSE
	EndGlobalSection
	GlobalSection(ExtensibilityGlobals) = postSolution
		SolutionGuid = {909AE91A-DDEB-4F48-A7B2-9A6DFF392E17}
	EndGlobalSection
EndGlobal
